// !$*UTF8*$!
{
	archiveVersion = 1;
	classes = {
	};
	objectVersion = 55;
	objects = {

/* Begin PBXBuildFile section */
		190C078F276DA7ED000E820D /* Bookmark_App.swift in Sources */ = {isa = PBXBuildFile; fileRef = 190C078E276DA7ED000E820D /* Bookmark_App.swift */; };
		190C0793276DA7F0000E820D /* Assets.xcassets in Resources */ = {isa = PBXBuildFile; fileRef = 190C0792276DA7F0000E820D /* Assets.xcassets */; };
		190C0796276DA7F0000E820D /* Preview Assets.xcassets in Resources */ = {isa = PBXBuildFile; fileRef = 190C0795276DA7F0000E820D /* Preview Assets.xcassets */; };
		190C079B276DA7F0000E820D /* Bookmark.xcdatamodeld in Sources */ = {isa = PBXBuildFile; fileRef = 190C0799276DA7F0000E820D /* Bookmark.xcdatamodeld */; };
		190C07A5276DA7F0000E820D /* Bookmark_AppTests.swift in Sources */ = {isa = PBXBuildFile; fileRef = 190C07A4276DA7F0000E820D /* Bookmark_AppTests.swift */; };
		190C07AF276DA7F0000E820D /* Bookmark_AppUITests.swift in Sources */ = {isa = PBXBuildFile; fileRef = 190C07AE276DA7F0000E820D /* Bookmark_AppUITests.swift */; };
		190C07B1276DA7F0000E820D /* Bookmark_AppUITestsLaunchTests.swift in Sources */ = {isa = PBXBuildFile; fileRef = 190C07B0276DA7F0000E820D /* Bookmark_AppUITestsLaunchTests.swift */; };
		190DF5052842EEB0009F5ABF /* BookSearchNetworkClient.swift in Sources */ = {isa = PBXBuildFile; fileRef = 190DF5042842EEB0009F5ABF /* BookSearchNetworkClient.swift */; };
		190DF50728446045009F5ABF /* LibraryView.swift in Sources */ = {isa = PBXBuildFile; fileRef = 1962B3742783C46D0094E845 /* LibraryView.swift */; };
		191D68E528BC5BC80007EA62 /* QuoteView.swift in Sources */ = {isa = PBXBuildFile; fileRef = 191D68E428BC5BC80007EA62 /* QuoteView.swift */; };
		1938C29D2844656300683BA1 /* LibraryView.swift in Sources */ = {isa = PBXBuildFile; fileRef = 1962B3742783C46D0094E845 /* LibraryView.swift */; };
		1938C2A3284528C900683BA1 /* StorageManager.swift in Sources */ = {isa = PBXBuildFile; fileRef = 1938C2A2284528C900683BA1 /* StorageManager.swift */; };
		1944ED46277D07E400EF69B2 /* MainView.swift in Sources */ = {isa = PBXBuildFile; fileRef = 1944ED45277D07E300EF69B2 /* MainView.swift */; };
		1944ED47277D07EB00EF69B2 /* MainView.swift in Sources */ = {isa = PBXBuildFile; fileRef = 1944ED45277D07E300EF69B2 /* MainView.swift */; };
		1944ED48277D07EC00EF69B2 /* MainView.swift in Sources */ = {isa = PBXBuildFile; fileRef = 1944ED45277D07E300EF69B2 /* MainView.swift */; };
		1944ED4C2780FE7900EF69B2 /* BookStore.swift in Sources */ = {isa = PBXBuildFile; fileRef = 1944ED4B2780FE7900EF69B2 /* BookStore.swift */; };
		1944ED4E278103AE00EF69B2 /* BookView.swift in Sources */ = {isa = PBXBuildFile; fileRef = 1944ED4D278103AE00EF69B2 /* BookView.swift */; };
		1944ED502781043200EF69B2 /* QuoteModel.swift in Sources */ = {isa = PBXBuildFile; fileRef = 1944ED4F2781043200EF69B2 /* QuoteModel.swift */; };
		1944ED522781095D00EF69B2 /* EditQuoteView.swift in Sources */ = {isa = PBXBuildFile; fileRef = 1944ED512781095D00EF69B2 /* EditQuoteView.swift */; };
		1944ED532781095E00EF69B2 /* EditQuoteView.swift in Sources */ = {isa = PBXBuildFile; fileRef = 1944ED512781095D00EF69B2 /* EditQuoteView.swift */; };
		1944ED542781095E00EF69B2 /* EditQuoteView.swift in Sources */ = {isa = PBXBuildFile; fileRef = 1944ED512781095D00EF69B2 /* EditQuoteView.swift */; };
		196011792790F926005DC202 /* BookSearch.swift in Sources */ = {isa = PBXBuildFile; fileRef = 196011782790F926005DC202 /* BookSearch.swift */; };
		1960117A2790F926005DC202 /* BookSearch.swift in Sources */ = {isa = PBXBuildFile; fileRef = 196011782790F926005DC202 /* BookSearch.swift */; };
		1960117B2790F926005DC202 /* BookSearch.swift in Sources */ = {isa = PBXBuildFile; fileRef = 196011782790F926005DC202 /* BookSearch.swift */; };
		1962B3752783C46D0094E845 /* LibraryView.swift in Sources */ = {isa = PBXBuildFile; fileRef = 1962B3742783C46D0094E845 /* LibraryView.swift */; };
		1962B3782783CB1A0094E845 /* BookView.swift in Sources */ = {isa = PBXBuildFile; fileRef = 1944ED4D278103AE00EF69B2 /* BookView.swift */; };
		1962B3792783CB1A0094E845 /* BookView.swift in Sources */ = {isa = PBXBuildFile; fileRef = 1944ED4D278103AE00EF69B2 /* BookView.swift */; };
		1962B37A2783CB370094E845 /* QuoteModel.swift in Sources */ = {isa = PBXBuildFile; fileRef = 1944ED4F2781043200EF69B2 /* QuoteModel.swift */; };
		1962B37B2783CB380094E845 /* QuoteModel.swift in Sources */ = {isa = PBXBuildFile; fileRef = 1944ED4F2781043200EF69B2 /* QuoteModel.swift */; };
		19669464279918DD00EFC4D8 /* AddBookView.swift in Sources */ = {isa = PBXBuildFile; fileRef = 19669463279918DD00EFC4D8 /* AddBookView.swift */; };
		19669465279918DD00EFC4D8 /* AddBookView.swift in Sources */ = {isa = PBXBuildFile; fileRef = 19669463279918DD00EFC4D8 /* AddBookView.swift */; };
		19669466279918DD00EFC4D8 /* AddBookView.swift in Sources */ = {isa = PBXBuildFile; fileRef = 19669463279918DD00EFC4D8 /* AddBookView.swift */; };
		198A58072851A8330081D6FF /* Library+CoreDataClass.swift in Sources */ = {isa = PBXBuildFile; fileRef = 198A58012851A8330081D6FF /* Library+CoreDataClass.swift */; };
		198A58082851A8330081D6FF /* Library+CoreDataProperties.swift in Sources */ = {isa = PBXBuildFile; fileRef = 198A58022851A8330081D6FF /* Library+CoreDataProperties.swift */; };
		198A58092851A8330081D6FF /* Book+CoreDataClass.swift in Sources */ = {isa = PBXBuildFile; fileRef = 198A58032851A8330081D6FF /* Book+CoreDataClass.swift */; };
		198A580A2851A8330081D6FF /* Book+CoreDataProperties.swift in Sources */ = {isa = PBXBuildFile; fileRef = 198A58042851A8330081D6FF /* Book+CoreDataProperties.swift */; };
		198A580B2851A8330081D6FF /* Quote+CoreDataClass.swift in Sources */ = {isa = PBXBuildFile; fileRef = 198A58052851A8330081D6FF /* Quote+CoreDataClass.swift */; };
		198A580C2851A8330081D6FF /* Quote+CoreDataProperties.swift in Sources */ = {isa = PBXBuildFile; fileRef = 198A58062851A8330081D6FF /* Quote+CoreDataProperties.swift */; };
		1992B84727ACA4F400F3B1A2 /* QuoteCaptureViewController.swift in Sources */ = {isa = PBXBuildFile; fileRef = 1992B84627ACA4F400F3B1A2 /* QuoteCaptureViewController.swift */; };
		19C4BA4127EC20CB006618EF /* CapturedQuoteView.swift in Sources */ = {isa = PBXBuildFile; fileRef = 19C4BA4027EC20CB006618EF /* CapturedQuoteView.swift */; };
		19C4BA4327EE002C006618EF /* CapturedQuote.swift in Sources */ = {isa = PBXBuildFile; fileRef = 19C4BA4227EE002C006618EF /* CapturedQuote.swift */; };
		19C4BA4527EE55DE006618EF /* BookSelectionView.swift in Sources */ = {isa = PBXBuildFile; fileRef = 19C4BA4427EE55DE006618EF /* BookSelectionView.swift */; };
		19C4BA4727F665FF006618EF /* CameraLauncher.swift in Sources */ = {isa = PBXBuildFile; fileRef = 19C4BA4627F665FF006618EF /* CameraLauncher.swift */; };
		19C9882D27E6A84E002C6EAE /* ImagePicker.swift in Sources */ = {isa = PBXBuildFile; fileRef = 19C9882C27E6A84E002C6EAE /* ImagePicker.swift */; };
		19E068A72793D65100E52895 /* BookQuotesView.swift in Sources */ = {isa = PBXBuildFile; fileRef = 19E068A62793D65100E52895 /* BookQuotesView.swift */; };
		19E068A82793D65100E52895 /* BookQuotesView.swift in Sources */ = {isa = PBXBuildFile; fileRef = 19E068A62793D65100E52895 /* BookQuotesView.swift */; };
		19E068A92793D65100E52895 /* BookQuotesView.swift in Sources */ = {isa = PBXBuildFile; fileRef = 19E068A62793D65100E52895 /* BookQuotesView.swift */; };
		19F21E81287F4C5F00F122C5 /* BookCell.swift in Sources */ = {isa = PBXBuildFile; fileRef = 19F21E80287F4C5F00F122C5 /* BookCell.swift */; };
		7C174C8528972512008AFC82 /* BookAppHelpers.swift in Sources */ = {isa = PBXBuildFile; fileRef = 7C174C8428972512008AFC82 /* BookAppHelpers.swift */; };
		7C5D975B2840048A002AB88D /* AlertToast in Frameworks */ = {isa = PBXBuildFile; productRef = 7C5D975A2840048A002AB88D /* AlertToast */; };
/* End PBXBuildFile section */

/* Begin PBXContainerItemProxy section */
		190C07A1276DA7F0000E820D /* PBXContainerItemProxy */ = {
			isa = PBXContainerItemProxy;
			containerPortal = 190C0783276DA7ED000E820D /* Project object */;
			proxyType = 1;
			remoteGlobalIDString = 190C078A276DA7ED000E820D;
			remoteInfo = "Bookmark App";
		};
		190C07AB276DA7F0000E820D /* PBXContainerItemProxy */ = {
			isa = PBXContainerItemProxy;
			containerPortal = 190C0783276DA7ED000E820D /* Project object */;
			proxyType = 1;
			remoteGlobalIDString = 190C078A276DA7ED000E820D;
			remoteInfo = "Bookmark App";
		};
/* End PBXContainerItemProxy section */

/* Begin PBXFileReference section */
		190C078B276DA7ED000E820D /* Bookmark App.app */ = {isa = PBXFileReference; explicitFileType = wrapper.application; includeInIndex = 0; path = "Bookmark App.app"; sourceTree = BUILT_PRODUCTS_DIR; };
		190C078E276DA7ED000E820D /* Bookmark_App.swift */ = {isa = PBXFileReference; lastKnownFileType = sourcecode.swift; path = Bookmark_App.swift; sourceTree = "<group>"; };
		190C0792276DA7F0000E820D /* Assets.xcassets */ = {isa = PBXFileReference; lastKnownFileType = folder.assetcatalog; path = Assets.xcassets; sourceTree = "<group>"; };
		190C0795276DA7F0000E820D /* Preview Assets.xcassets */ = {isa = PBXFileReference; lastKnownFileType = folder.assetcatalog; path = "Preview Assets.xcassets"; sourceTree = "<group>"; };
		190C079A276DA7F0000E820D /* Bookmark_App.xcdatamodel */ = {isa = PBXFileReference; lastKnownFileType = wrapper.xcdatamodel; path = Bookmark_App.xcdatamodel; sourceTree = "<group>"; };
		190C07A0276DA7F0000E820D /* Bookmark AppTests.xctest */ = {isa = PBXFileReference; explicitFileType = wrapper.cfbundle; includeInIndex = 0; path = "Bookmark AppTests.xctest"; sourceTree = BUILT_PRODUCTS_DIR; };
		190C07A4276DA7F0000E820D /* Bookmark_AppTests.swift */ = {isa = PBXFileReference; lastKnownFileType = sourcecode.swift; path = Bookmark_AppTests.swift; sourceTree = "<group>"; };
		190C07AA276DA7F0000E820D /* Bookmark AppUITests.xctest */ = {isa = PBXFileReference; explicitFileType = wrapper.cfbundle; includeInIndex = 0; path = "Bookmark AppUITests.xctest"; sourceTree = BUILT_PRODUCTS_DIR; };
		190C07AE276DA7F0000E820D /* Bookmark_AppUITests.swift */ = {isa = PBXFileReference; lastKnownFileType = sourcecode.swift; path = Bookmark_AppUITests.swift; sourceTree = "<group>"; };
		190C07B0276DA7F0000E820D /* Bookmark_AppUITestsLaunchTests.swift */ = {isa = PBXFileReference; lastKnownFileType = sourcecode.swift; path = Bookmark_AppUITestsLaunchTests.swift; sourceTree = "<group>"; };
		190DF5042842EEB0009F5ABF /* BookSearchNetworkClient.swift */ = {isa = PBXFileReference; lastKnownFileType = sourcecode.swift; path = BookSearchNetworkClient.swift; sourceTree = "<group>"; };
		191D68E428BC5BC80007EA62 /* QuoteView.swift */ = {isa = PBXFileReference; lastKnownFileType = sourcecode.swift; path = QuoteView.swift; sourceTree = "<group>"; };
		1938C2A2284528C900683BA1 /* StorageManager.swift */ = {isa = PBXFileReference; lastKnownFileType = sourcecode.swift; path = StorageManager.swift; sourceTree = "<group>"; };
		1944ED45277D07E300EF69B2 /* MainView.swift */ = {isa = PBXFileReference; lastKnownFileType = sourcecode.swift; path = MainView.swift; sourceTree = "<group>"; };
		1944ED4B2780FE7900EF69B2 /* BookStore.swift */ = {isa = PBXFileReference; lastKnownFileType = sourcecode.swift; path = BookStore.swift; sourceTree = "<group>"; };
		1944ED4D278103AE00EF69B2 /* BookView.swift */ = {isa = PBXFileReference; lastKnownFileType = sourcecode.swift; path = BookView.swift; sourceTree = "<group>"; };
		1944ED4F2781043200EF69B2 /* QuoteModel.swift */ = {isa = PBXFileReference; lastKnownFileType = sourcecode.swift; path = QuoteModel.swift; sourceTree = "<group>"; };
		1944ED512781095D00EF69B2 /* EditQuoteView.swift */ = {isa = PBXFileReference; lastKnownFileType = sourcecode.swift; path = EditQuoteView.swift; sourceTree = "<group>"; };
		196011782790F926005DC202 /* BookSearch.swift */ = {isa = PBXFileReference; lastKnownFileType = sourcecode.swift; path = BookSearch.swift; sourceTree = "<group>"; };
		1962B3742783C46D0094E845 /* LibraryView.swift */ = {isa = PBXFileReference; lastKnownFileType = sourcecode.swift; path = LibraryView.swift; sourceTree = "<group>"; };
		19669463279918DD00EFC4D8 /* AddBookView.swift */ = {isa = PBXFileReference; lastKnownFileType = sourcecode.swift; path = AddBookView.swift; sourceTree = "<group>"; };
		198A58012851A8330081D6FF /* Library+CoreDataClass.swift */ = {isa = PBXFileReference; lastKnownFileType = sourcecode.swift; path = "Library+CoreDataClass.swift"; sourceTree = "<group>"; };
		198A58022851A8330081D6FF /* Library+CoreDataProperties.swift */ = {isa = PBXFileReference; lastKnownFileType = sourcecode.swift; path = "Library+CoreDataProperties.swift"; sourceTree = "<group>"; };
		198A58032851A8330081D6FF /* Book+CoreDataClass.swift */ = {isa = PBXFileReference; lastKnownFileType = sourcecode.swift; path = "Book+CoreDataClass.swift"; sourceTree = "<group>"; };
		198A58042851A8330081D6FF /* Book+CoreDataProperties.swift */ = {isa = PBXFileReference; lastKnownFileType = sourcecode.swift; path = "Book+CoreDataProperties.swift"; sourceTree = "<group>"; };
		198A58052851A8330081D6FF /* Quote+CoreDataClass.swift */ = {isa = PBXFileReference; lastKnownFileType = sourcecode.swift; path = "Quote+CoreDataClass.swift"; sourceTree = "<group>"; };
		198A58062851A8330081D6FF /* Quote+CoreDataProperties.swift */ = {isa = PBXFileReference; lastKnownFileType = sourcecode.swift; path = "Quote+CoreDataProperties.swift"; sourceTree = "<group>"; };
		1992B84627ACA4F400F3B1A2 /* QuoteCaptureViewController.swift */ = {isa = PBXFileReference; lastKnownFileType = sourcecode.swift; path = QuoteCaptureViewController.swift; sourceTree = "<group>"; };
		19C4BA4027EC20CB006618EF /* CapturedQuoteView.swift */ = {isa = PBXFileReference; lastKnownFileType = sourcecode.swift; path = CapturedQuoteView.swift; sourceTree = "<group>"; };
		19C4BA4227EE002C006618EF /* CapturedQuote.swift */ = {isa = PBXFileReference; lastKnownFileType = sourcecode.swift; path = CapturedQuote.swift; sourceTree = "<group>"; };
		19C4BA4427EE55DE006618EF /* BookSelectionView.swift */ = {isa = PBXFileReference; lastKnownFileType = sourcecode.swift; path = BookSelectionView.swift; sourceTree = "<group>"; };
		19C4BA4627F665FF006618EF /* CameraLauncher.swift */ = {isa = PBXFileReference; lastKnownFileType = sourcecode.swift; path = CameraLauncher.swift; sourceTree = "<group>"; };
		19C9882C27E6A84E002C6EAE /* ImagePicker.swift */ = {isa = PBXFileReference; lastKnownFileType = sourcecode.swift; path = ImagePicker.swift; sourceTree = "<group>"; };
		19E068A62793D65100E52895 /* BookQuotesView.swift */ = {isa = PBXFileReference; lastKnownFileType = sourcecode.swift; path = BookQuotesView.swift; sourceTree = "<group>"; };
		19F21E80287F4C5F00F122C5 /* BookCell.swift */ = {isa = PBXFileReference; lastKnownFileType = sourcecode.swift; path = BookCell.swift; sourceTree = "<group>"; };
		7C174C8428972512008AFC82 /* BookAppHelpers.swift */ = {isa = PBXFileReference; lastKnownFileType = sourcecode.swift; name = BookAppHelpers.swift; path = "Bookmark App/BookAppHelpers.swift"; sourceTree = "<group>"; };
/* End PBXFileReference section */

/* Begin PBXFrameworksBuildPhase section */
		190C0788276DA7ED000E820D /* Frameworks */ = {
			isa = PBXFrameworksBuildPhase;
			buildActionMask = 2147483647;
			files = (
				7C5D975B2840048A002AB88D /* AlertToast in Frameworks */,
			);
			runOnlyForDeploymentPostprocessing = 0;
		};
		190C079D276DA7F0000E820D /* Frameworks */ = {
			isa = PBXFrameworksBuildPhase;
			buildActionMask = 2147483647;
			files = (
			);
			runOnlyForDeploymentPostprocessing = 0;
		};
		190C07A7276DA7F0000E820D /* Frameworks */ = {
			isa = PBXFrameworksBuildPhase;
			buildActionMask = 2147483647;
			files = (
			);
			runOnlyForDeploymentPostprocessing = 0;
		};
/* End PBXFrameworksBuildPhase section */

/* Begin PBXGroup section */
		190C0782276DA7ED000E820D = {
			isa = PBXGroup;
			children = (
				7C174C8428972512008AFC82 /* BookAppHelpers.swift */,
				190C078D276DA7ED000E820D /* Bookmark App */,
				190C07A3276DA7F0000E820D /* Bookmark AppTests */,
				190C07AD276DA7F0000E820D /* Bookmark AppUITests */,
				190C078C276DA7ED000E820D /* Products */,
				1963AAA62845560B007C26F0 /* Frameworks */,
			);
			sourceTree = "<group>";
		};
		190C078C276DA7ED000E820D /* Products */ = {
			isa = PBXGroup;
			children = (
				190C078B276DA7ED000E820D /* Bookmark App.app */,
				190C07A0276DA7F0000E820D /* Bookmark AppTests.xctest */,
				190C07AA276DA7F0000E820D /* Bookmark AppUITests.xctest */,
			);
			name = Products;
			sourceTree = "<group>";
		};
		190C078D276DA7ED000E820D /* Bookmark App */ = {
			isa = PBXGroup;
			children = (
				1938C2A12845281000683BA1 /* Storage */,
				190C078E276DA7ED000E820D /* Bookmark_App.swift */,
				190C0792276DA7F0000E820D /* Assets.xcassets */,
				190C0799276DA7F0000E820D /* Bookmark.xcdatamodeld */,
				190C0794276DA7F0000E820D /* Preview Content */,
				1992B84527ACA46E00F3B1A2 /* Views */,
				1992B84627ACA4F400F3B1A2 /* QuoteCaptureViewController.swift */,
				1944ED4B2780FE7900EF69B2 /* BookStore.swift */,
				19C9882C27E6A84E002C6EAE /* ImagePicker.swift */,
				19C4BA4227EE002C006618EF /* CapturedQuote.swift */,
				19C4BA4627F665FF006618EF /* CameraLauncher.swift */,
				190DF5042842EEB0009F5ABF /* BookSearchNetworkClient.swift */,
			);
			path = "Bookmark App";
			sourceTree = "<group>";
		};
		190C0794276DA7F0000E820D /* Preview Content */ = {
			isa = PBXGroup;
			children = (
				190C0795276DA7F0000E820D /* Preview Assets.xcassets */,
			);
			path = "Preview Content";
			sourceTree = "<group>";
		};
		190C07A3276DA7F0000E820D /* Bookmark AppTests */ = {
			isa = PBXGroup;
			children = (
				190C07A4276DA7F0000E820D /* Bookmark_AppTests.swift */,
			);
			path = "Bookmark AppTests";
			sourceTree = "<group>";
		};
		190C07AD276DA7F0000E820D /* Bookmark AppUITests */ = {
			isa = PBXGroup;
			children = (
				190C07AE276DA7F0000E820D /* Bookmark_AppUITests.swift */,
				190C07B0276DA7F0000E820D /* Bookmark_AppUITestsLaunchTests.swift */,
			);
			path = "Bookmark AppUITests";
			sourceTree = "<group>";
		};
		1938C2A12845281000683BA1 /* Storage */ = {
			isa = PBXGroup;
			children = (
				198A58012851A8330081D6FF /* Library+CoreDataClass.swift */,
				198A58022851A8330081D6FF /* Library+CoreDataProperties.swift */,
				198A58032851A8330081D6FF /* Book+CoreDataClass.swift */,
				198A58042851A8330081D6FF /* Book+CoreDataProperties.swift */,
				198A58052851A8330081D6FF /* Quote+CoreDataClass.swift */,
				198A58062851A8330081D6FF /* Quote+CoreDataProperties.swift */,
				1938C2A2284528C900683BA1 /* StorageManager.swift */,
			);
			path = Storage;
			sourceTree = "<group>";
		};
		1963AAA62845560B007C26F0 /* Frameworks */ = {
			isa = PBXGroup;
			children = (
			);
			name = Frameworks;
			sourceTree = "<group>";
		};
		1992B84527ACA46E00F3B1A2 /* Views */ = {
			isa = PBXGroup;
			children = (
				1944ED45277D07E300EF69B2 /* MainView.swift */,
				1944ED4D278103AE00EF69B2 /* BookView.swift */,
				1944ED4F2781043200EF69B2 /* QuoteModel.swift */,
				1944ED512781095D00EF69B2 /* EditQuoteView.swift */,
				1962B3742783C46D0094E845 /* LibraryView.swift */,
				19669463279918DD00EFC4D8 /* AddBookView.swift */,
				196011782790F926005DC202 /* BookSearch.swift */,
				19E068A62793D65100E52895 /* BookQuotesView.swift */,
				19C4BA4027EC20CB006618EF /* CapturedQuoteView.swift */,
				19C4BA4427EE55DE006618EF /* BookSelectionView.swift */,
				19F21E80287F4C5F00F122C5 /* BookCell.swift */,
				191D68E428BC5BC80007EA62 /* QuoteView.swift */,
			);
			path = Views;
			sourceTree = "<group>";
		};
/* End PBXGroup section */

/* Begin PBXNativeTarget section */
		190C078A276DA7ED000E820D /* Bookmark App */ = {
			isa = PBXNativeTarget;
			buildConfigurationList = 190C07B4276DA7F0000E820D /* Build configuration list for PBXNativeTarget "Bookmark App" */;
			buildPhases = (
				190C0787276DA7ED000E820D /* Sources */,
				190C0788276DA7ED000E820D /* Frameworks */,
				190C0789276DA7ED000E820D /* Resources */,
			);
			buildRules = (
			);
			dependencies = (
			);
			name = "Bookmark App";
			packageProductDependencies = (
				7C5D975A2840048A002AB88D /* AlertToast */,
			);
			productName = "Bookmark App";
			productReference = 190C078B276DA7ED000E820D /* Bookmark App.app */;
			productType = "com.apple.product-type.application";
		};
		190C079F276DA7F0000E820D /* Bookmark AppTests */ = {
			isa = PBXNativeTarget;
			buildConfigurationList = 190C07B7276DA7F0000E820D /* Build configuration list for PBXNativeTarget "Bookmark AppTests" */;
			buildPhases = (
				190C079C276DA7F0000E820D /* Sources */,
				190C079D276DA7F0000E820D /* Frameworks */,
				190C079E276DA7F0000E820D /* Resources */,
			);
			buildRules = (
			);
			dependencies = (
				190C07A2276DA7F0000E820D /* PBXTargetDependency */,
			);
			name = "Bookmark AppTests";
			productName = "Bookmark AppTests";
			productReference = 190C07A0276DA7F0000E820D /* Bookmark AppTests.xctest */;
			productType = "com.apple.product-type.bundle.unit-test";
		};
		190C07A9276DA7F0000E820D /* Bookmark AppUITests */ = {
			isa = PBXNativeTarget;
			buildConfigurationList = 190C07BA276DA7F0000E820D /* Build configuration list for PBXNativeTarget "Bookmark AppUITests" */;
			buildPhases = (
				190C07A6276DA7F0000E820D /* Sources */,
				190C07A7276DA7F0000E820D /* Frameworks */,
				190C07A8276DA7F0000E820D /* Resources */,
			);
			buildRules = (
			);
			dependencies = (
				190C07AC276DA7F0000E820D /* PBXTargetDependency */,
			);
			name = "Bookmark AppUITests";
			productName = "Bookmark AppUITests";
			productReference = 190C07AA276DA7F0000E820D /* Bookmark AppUITests.xctest */;
			productType = "com.apple.product-type.bundle.ui-testing";
		};
/* End PBXNativeTarget section */

/* Begin PBXProject section */
		190C0783276DA7ED000E820D /* Project object */ = {
			isa = PBXProject;
			attributes = {
				BuildIndependentTargetsInParallel = 1;
				LastSwiftUpdateCheck = 1310;
				LastUpgradeCheck = 1310;
				TargetAttributes = {
					190C078A276DA7ED000E820D = {
						CreatedOnToolsVersion = 13.1;
					};
					190C079F276DA7F0000E820D = {
						CreatedOnToolsVersion = 13.1;
						TestTargetID = 190C078A276DA7ED000E820D;
					};
					190C07A9276DA7F0000E820D = {
						CreatedOnToolsVersion = 13.1;
						TestTargetID = 190C078A276DA7ED000E820D;
					};
				};
			};
			buildConfigurationList = 190C0786276DA7ED000E820D /* Build configuration list for PBXProject "Bookmark App" */;
			compatibilityVersion = "Xcode 13.0";
			developmentRegion = en;
			hasScannedForEncodings = 0;
			knownRegions = (
				en,
				Base,
			);
			mainGroup = 190C0782276DA7ED000E820D;
			packageReferences = (
				7C5D97592840048A002AB88D /* XCRemoteSwiftPackageReference "AlertToast" */,
				1938C29E2845260C00683BA1 /* XCRemoteSwiftPackageReference "firebase-ios-sdk" */,
			);
			productRefGroup = 190C078C276DA7ED000E820D /* Products */;
			projectDirPath = "";
			projectRoot = "";
			targets = (
				190C078A276DA7ED000E820D /* Bookmark App */,
				190C079F276DA7F0000E820D /* Bookmark AppTests */,
				190C07A9276DA7F0000E820D /* Bookmark AppUITests */,
			);
		};
/* End PBXProject section */

/* Begin PBXResourcesBuildPhase section */
		190C0789276DA7ED000E820D /* Resources */ = {
			isa = PBXResourcesBuildPhase;
			buildActionMask = 2147483647;
			files = (
				190C0796276DA7F0000E820D /* Preview Assets.xcassets in Resources */,
				190C0793276DA7F0000E820D /* Assets.xcassets in Resources */,
			);
			runOnlyForDeploymentPostprocessing = 0;
		};
		190C079E276DA7F0000E820D /* Resources */ = {
			isa = PBXResourcesBuildPhase;
			buildActionMask = 2147483647;
			files = (
			);
			runOnlyForDeploymentPostprocessing = 0;
		};
		190C07A8276DA7F0000E820D /* Resources */ = {
			isa = PBXResourcesBuildPhase;
			buildActionMask = 2147483647;
			files = (
			);
			runOnlyForDeploymentPostprocessing = 0;
		};
/* End PBXResourcesBuildPhase section */

/* Begin PBXSourcesBuildPhase section */
		190C0787276DA7ED000E820D /* Sources */ = {
			isa = PBXSourcesBuildPhase;
			buildActionMask = 2147483647;
			files = (
				1944ED522781095D00EF69B2 /* EditQuoteView.swift in Sources */,
				1938C2A3284528C900683BA1 /* StorageManager.swift in Sources */,
				19C4BA4127EC20CB006618EF /* CapturedQuoteView.swift in Sources */,
				1944ED4E278103AE00EF69B2 /* BookView.swift in Sources */,
				19F21E81287F4C5F00F122C5 /* BookCell.swift in Sources */,
				1944ED4C2780FE7900EF69B2 /* BookStore.swift in Sources */,
				19C4BA4527EE55DE006618EF /* BookSelectionView.swift in Sources */,
				7C174C8528972512008AFC82 /* BookAppHelpers.swift in Sources */,
				19669464279918DD00EFC4D8 /* AddBookView.swift in Sources */,
				198A58072851A8330081D6FF /* Library+CoreDataClass.swift in Sources */,
				198A58092851A8330081D6FF /* Book+CoreDataClass.swift in Sources */,
				191D68E528BC5BC80007EA62 /* QuoteView.swift in Sources */,
				19C4BA4727F665FF006618EF /* CameraLauncher.swift in Sources */,
				1992B84727ACA4F400F3B1A2 /* QuoteCaptureViewController.swift in Sources */,
				198A580A2851A8330081D6FF /* Book+CoreDataProperties.swift in Sources */,
				19C4BA4327EE002C006618EF /* CapturedQuote.swift in Sources */,
				1944ED502781043200EF69B2 /* QuoteModel.swift in Sources */,
				190C078F276DA7ED000E820D /* Bookmark_App.swift in Sources */,
				1944ED46277D07E400EF69B2 /* MainView.swift in Sources */,
				198A580B2851A8330081D6FF /* Quote+CoreDataClass.swift in Sources */,
				190DF5052842EEB0009F5ABF /* BookSearchNetworkClient.swift in Sources */,
				198A58082851A8330081D6FF /* Library+CoreDataProperties.swift in Sources */,
				1962B3752783C46D0094E845 /* LibraryView.swift in Sources */,
				190C079B276DA7F0000E820D /* Bookmark.xcdatamodeld in Sources */,
				19C9882D27E6A84E002C6EAE /* ImagePicker.swift in Sources */,
				198A580C2851A8330081D6FF /* Quote+CoreDataProperties.swift in Sources */,
				19E068A72793D65100E52895 /* BookQuotesView.swift in Sources */,
				196011792790F926005DC202 /* BookSearch.swift in Sources */,
			);
			runOnlyForDeploymentPostprocessing = 0;
		};
		190C079C276DA7F0000E820D /* Sources */ = {
			isa = PBXSourcesBuildPhase;
			buildActionMask = 2147483647;
			files = (
				19E068A82793D65100E52895 /* BookQuotesView.swift in Sources */,
				1944ED532781095E00EF69B2 /* EditQuoteView.swift in Sources */,
				190C07A5276DA7F0000E820D /* Bookmark_AppTests.swift in Sources */,
				1962B3782783CB1A0094E845 /* BookView.swift in Sources */,
				1938C29D2844656300683BA1 /* LibraryView.swift in Sources */,
				1960117A2790F926005DC202 /* BookSearch.swift in Sources */,
				1962B37A2783CB370094E845 /* QuoteModel.swift in Sources */,
				1944ED47277D07EB00EF69B2 /* MainView.swift in Sources */,
				19669465279918DD00EFC4D8 /* AddBookView.swift in Sources */,
			);
			runOnlyForDeploymentPostprocessing = 0;
		};
		190C07A6276DA7F0000E820D /* Sources */ = {
			isa = PBXSourcesBuildPhase;
			buildActionMask = 2147483647;
			files = (
				190C07B1276DA7F0000E820D /* Bookmark_AppUITestsLaunchTests.swift in Sources */,
				1944ED542781095E00EF69B2 /* EditQuoteView.swift in Sources */,
				1960117B2790F926005DC202 /* BookSearch.swift in Sources */,
				1962B3792783CB1A0094E845 /* BookView.swift in Sources */,
				1944ED48277D07EC00EF69B2 /* MainView.swift in Sources */,
				19669466279918DD00EFC4D8 /* AddBookView.swift in Sources */,
				1962B37B2783CB380094E845 /* QuoteModel.swift in Sources */,
				19E068A92793D65100E52895 /* BookQuotesView.swift in Sources */,
				190DF50728446045009F5ABF /* LibraryView.swift in Sources */,
				190C07AF276DA7F0000E820D /* Bookmark_AppUITests.swift in Sources */,
			);
			runOnlyForDeploymentPostprocessing = 0;
		};
/* End PBXSourcesBuildPhase section */

/* Begin PBXTargetDependency section */
		190C07A2276DA7F0000E820D /* PBXTargetDependency */ = {
			isa = PBXTargetDependency;
			target = 190C078A276DA7ED000E820D /* Bookmark App */;
			targetProxy = 190C07A1276DA7F0000E820D /* PBXContainerItemProxy */;
		};
		190C07AC276DA7F0000E820D /* PBXTargetDependency */ = {
			isa = PBXTargetDependency;
			target = 190C078A276DA7ED000E820D /* Bookmark App */;
			targetProxy = 190C07AB276DA7F0000E820D /* PBXContainerItemProxy */;
		};
/* End PBXTargetDependency section */

/* Begin XCBuildConfiguration section */
		190C07B2276DA7F0000E820D /* Debug */ = {
			isa = XCBuildConfiguration;
			buildSettings = {
				ALWAYS_SEARCH_USER_PATHS = NO;
				CLANG_ANALYZER_NONNULL = YES;
				CLANG_ANALYZER_NUMBER_OBJECT_CONVERSION = YES_AGGRESSIVE;
				CLANG_CXX_LANGUAGE_STANDARD = "gnu++17";
				CLANG_CXX_LIBRARY = "libc++";
				CLANG_ENABLE_MODULES = YES;
				CLANG_ENABLE_OBJC_ARC = YES;
				CLANG_ENABLE_OBJC_WEAK = YES;
				CLANG_WARN_BLOCK_CAPTURE_AUTORELEASING = YES;
				CLANG_WARN_BOOL_CONVERSION = YES;
				CLANG_WARN_COMMA = YES;
				CLANG_WARN_CONSTANT_CONVERSION = YES;
				CLANG_WARN_DEPRECATED_OBJC_IMPLEMENTATIONS = YES;
				CLANG_WARN_DIRECT_OBJC_ISA_USAGE = YES_ERROR;
				CLANG_WARN_DOCUMENTATION_COMMENTS = YES;
				CLANG_WARN_EMPTY_BODY = YES;
				CLANG_WARN_ENUM_CONVERSION = YES;
				CLANG_WARN_INFINITE_RECURSION = YES;
				CLANG_WARN_INT_CONVERSION = YES;
				CLANG_WARN_NON_LITERAL_NULL_CONVERSION = YES;
				CLANG_WARN_OBJC_IMPLICIT_RETAIN_SELF = YES;
				CLANG_WARN_OBJC_LITERAL_CONVERSION = YES;
				CLANG_WARN_OBJC_ROOT_CLASS = YES_ERROR;
				CLANG_WARN_QUOTED_INCLUDE_IN_FRAMEWORK_HEADER = YES;
				CLANG_WARN_RANGE_LOOP_ANALYSIS = YES;
				CLANG_WARN_STRICT_PROTOTYPES = YES;
				CLANG_WARN_SUSPICIOUS_MOVE = YES;
				CLANG_WARN_UNGUARDED_AVAILABILITY = YES_AGGRESSIVE;
				CLANG_WARN_UNREACHABLE_CODE = YES;
				CLANG_WARN__DUPLICATE_METHOD_MATCH = YES;
				COPY_PHASE_STRIP = NO;
				DEBUG_INFORMATION_FORMAT = dwarf;
				ENABLE_STRICT_OBJC_MSGSEND = YES;
				ENABLE_TESTABILITY = YES;
				GCC_C_LANGUAGE_STANDARD = gnu11;
				GCC_DYNAMIC_NO_PIC = NO;
				GCC_NO_COMMON_BLOCKS = YES;
				GCC_OPTIMIZATION_LEVEL = 0;
				GCC_PREPROCESSOR_DEFINITIONS = (
					"DEBUG=1",
					"$(inherited)",
				);
				GCC_WARN_64_TO_32_BIT_CONVERSION = YES;
				GCC_WARN_ABOUT_RETURN_TYPE = YES_ERROR;
				GCC_WARN_UNDECLARED_SELECTOR = YES;
				GCC_WARN_UNINITIALIZED_AUTOS = YES_AGGRESSIVE;
				GCC_WARN_UNUSED_FUNCTION = YES;
				GCC_WARN_UNUSED_VARIABLE = YES;
				IPHONEOS_DEPLOYMENT_TARGET = 15.0;
				MTL_ENABLE_DEBUG_INFO = INCLUDE_SOURCE;
				MTL_FAST_MATH = YES;
				ONLY_ACTIVE_ARCH = YES;
				SDKROOT = iphoneos;
				SWIFT_ACTIVE_COMPILATION_CONDITIONS = DEBUG;
				SWIFT_OPTIMIZATION_LEVEL = "-Onone";
			};
			name = Debug;
		};
		190C07B3276DA7F0000E820D /* Release */ = {
			isa = XCBuildConfiguration;
			buildSettings = {
				ALWAYS_SEARCH_USER_PATHS = NO;
				CLANG_ANALYZER_NONNULL = YES;
				CLANG_ANALYZER_NUMBER_OBJECT_CONVERSION = YES_AGGRESSIVE;
				CLANG_CXX_LANGUAGE_STANDARD = "gnu++17";
				CLANG_CXX_LIBRARY = "libc++";
				CLANG_ENABLE_MODULES = YES;
				CLANG_ENABLE_OBJC_ARC = YES;
				CLANG_ENABLE_OBJC_WEAK = YES;
				CLANG_WARN_BLOCK_CAPTURE_AUTORELEASING = YES;
				CLANG_WARN_BOOL_CONVERSION = YES;
				CLANG_WARN_COMMA = YES;
				CLANG_WARN_CONSTANT_CONVERSION = YES;
				CLANG_WARN_DEPRECATED_OBJC_IMPLEMENTATIONS = YES;
				CLANG_WARN_DIRECT_OBJC_ISA_USAGE = YES_ERROR;
				CLANG_WARN_DOCUMENTATION_COMMENTS = YES;
				CLANG_WARN_EMPTY_BODY = YES;
				CLANG_WARN_ENUM_CONVERSION = YES;
				CLANG_WARN_INFINITE_RECURSION = YES;
				CLANG_WARN_INT_CONVERSION = YES;
				CLANG_WARN_NON_LITERAL_NULL_CONVERSION = YES;
				CLANG_WARN_OBJC_IMPLICIT_RETAIN_SELF = YES;
				CLANG_WARN_OBJC_LITERAL_CONVERSION = YES;
				CLANG_WARN_OBJC_ROOT_CLASS = YES_ERROR;
				CLANG_WARN_QUOTED_INCLUDE_IN_FRAMEWORK_HEADER = YES;
				CLANG_WARN_RANGE_LOOP_ANALYSIS = YES;
				CLANG_WARN_STRICT_PROTOTYPES = YES;
				CLANG_WARN_SUSPICIOUS_MOVE = YES;
				CLANG_WARN_UNGUARDED_AVAILABILITY = YES_AGGRESSIVE;
				CLANG_WARN_UNREACHABLE_CODE = YES;
				CLANG_WARN__DUPLICATE_METHOD_MATCH = YES;
				COPY_PHASE_STRIP = NO;
				DEBUG_INFORMATION_FORMAT = "dwarf-with-dsym";
				ENABLE_NS_ASSERTIONS = NO;
				ENABLE_STRICT_OBJC_MSGSEND = YES;
				GCC_C_LANGUAGE_STANDARD = gnu11;
				GCC_NO_COMMON_BLOCKS = YES;
				GCC_WARN_64_TO_32_BIT_CONVERSION = YES;
				GCC_WARN_ABOUT_RETURN_TYPE = YES_ERROR;
				GCC_WARN_UNDECLARED_SELECTOR = YES;
				GCC_WARN_UNINITIALIZED_AUTOS = YES_AGGRESSIVE;
				GCC_WARN_UNUSED_FUNCTION = YES;
				GCC_WARN_UNUSED_VARIABLE = YES;
				IPHONEOS_DEPLOYMENT_TARGET = 15.0;
				MTL_ENABLE_DEBUG_INFO = NO;
				MTL_FAST_MATH = YES;
				SDKROOT = iphoneos;
				SWIFT_COMPILATION_MODE = wholemodule;
				SWIFT_OPTIMIZATION_LEVEL = "-O";
				VALIDATE_PRODUCT = YES;
			};
			name = Release;
		};
		190C07B5276DA7F0000E820D /* Debug */ = {
			isa = XCBuildConfiguration;
			buildSettings = {
				ASSETCATALOG_COMPILER_APPICON_NAME = AppIcon;
				ASSETCATALOG_COMPILER_GLOBAL_ACCENT_COLOR_NAME = AccentColor;
				CODE_SIGN_STYLE = Automatic;
				CURRENT_PROJECT_VERSION = 1;
				DEVELOPMENT_ASSET_PATHS = "\"Bookmark App/Preview Content\"";
				DEVELOPMENT_TEAM = Z83D3LA293;
				DONT_GENERATE_INFOPLIST_FILE = NO;
				ENABLE_PREVIEWS = YES;
				GENERATE_INFOPLIST_FILE = YES;
				INFOPLIST_FILE = "";
				INFOPLIST_KEY_NSCameraUsageDescription = "\"Bookmark needs to access your camera in order to capture the quotes\"";
				INFOPLIST_KEY_UIApplicationSceneManifest_Generation = YES;
				INFOPLIST_KEY_UIApplicationSupportsIndirectInputEvents = YES;
				INFOPLIST_KEY_UILaunchScreen_Generation = YES;
				INFOPLIST_KEY_UISupportedInterfaceOrientations_iPad = "UIInterfaceOrientationPortrait UIInterfaceOrientationPortraitUpsideDown UIInterfaceOrientationLandscapeLeft UIInterfaceOrientationLandscapeRight";
				INFOPLIST_KEY_UISupportedInterfaceOrientations_iPhone = "UIInterfaceOrientationPortrait UIInterfaceOrientationLandscapeLeft UIInterfaceOrientationLandscapeRight";
				LD_RUNPATH_SEARCH_PATHS = (
					"$(inherited)",
					"@executable_path/Frameworks",
				);
				MARKETING_VERSION = 1.0;
				PRODUCT_BUNDLE_IDENTIFIER = "JamesD.Bookmark-App";
				PRODUCT_NAME = "$(TARGET_NAME)";
				SWIFT_EMIT_LOC_STRINGS = YES;
				SWIFT_VERSION = 5.0;
				TARGETED_DEVICE_FAMILY = "1,2";
			};
			name = Debug;
		};
		190C07B6276DA7F0000E820D /* Release */ = {
			isa = XCBuildConfiguration;
			buildSettings = {
				ASSETCATALOG_COMPILER_APPICON_NAME = AppIcon;
				ASSETCATALOG_COMPILER_GLOBAL_ACCENT_COLOR_NAME = AccentColor;
				CODE_SIGN_STYLE = Automatic;
				CURRENT_PROJECT_VERSION = 1;
				DEVELOPMENT_ASSET_PATHS = "\"Bookmark App/Preview Content\"";
				DEVELOPMENT_TEAM = Z83D3LA293;
				DONT_GENERATE_INFOPLIST_FILE = NO;
				ENABLE_PREVIEWS = YES;
				GENERATE_INFOPLIST_FILE = YES;
				INFOPLIST_FILE = "";
				INFOPLIST_KEY_NSCameraUsageDescription = "\"Bookmark needs to access your camera in order to capture the quotes\"";
				INFOPLIST_KEY_UIApplicationSceneManifest_Generation = YES;
				INFOPLIST_KEY_UIApplicationSupportsIndirectInputEvents = YES;
				INFOPLIST_KEY_UILaunchScreen_Generation = YES;
				INFOPLIST_KEY_UISupportedInterfaceOrientations_iPad = "UIInterfaceOrientationPortrait UIInterfaceOrientationPortraitUpsideDown UIInterfaceOrientationLandscapeLeft UIInterfaceOrientationLandscapeRight";
				INFOPLIST_KEY_UISupportedInterfaceOrientations_iPhone = "UIInterfaceOrientationPortrait UIInterfaceOrientationLandscapeLeft UIInterfaceOrientationLandscapeRight";
				LD_RUNPATH_SEARCH_PATHS = (
					"$(inherited)",
					"@executable_path/Frameworks",
				);
				MARKETING_VERSION = 1.0;
				PRODUCT_BUNDLE_IDENTIFIER = "JamesD.Bookmark-App";
				PRODUCT_NAME = "$(TARGET_NAME)";
				SWIFT_EMIT_LOC_STRINGS = YES;
				SWIFT_VERSION = 5.0;
				TARGETED_DEVICE_FAMILY = "1,2";
			};
			name = Release;
		};
		190C07B8276DA7F0000E820D /* Debug */ = {
			isa = XCBuildConfiguration;
			buildSettings = {
				ALWAYS_EMBED_SWIFT_STANDARD_LIBRARIES = YES;
				BUNDLE_LOADER = "$(TEST_HOST)";
				CODE_SIGN_STYLE = Automatic;
				CURRENT_PROJECT_VERSION = 1;
				DEVELOPMENT_TEAM = Z7F2HM5PGN;
				GENERATE_INFOPLIST_FILE = YES;
				IPHONEOS_DEPLOYMENT_TARGET = 15.0;
				LD_RUNPATH_SEARCH_PATHS = (
					"$(inherited)",
					"@executable_path/Frameworks",
					"@loader_path/Frameworks",
				);
				MARKETING_VERSION = 1.0;
				PRODUCT_BUNDLE_IDENTIFIER = "JamesD.Bookmark-AppTests";
				PRODUCT_NAME = "$(TARGET_NAME)";
				SWIFT_EMIT_LOC_STRINGS = NO;
				SWIFT_VERSION = 5.0;
				TARGETED_DEVICE_FAMILY = "1,2";
				TEST_HOST = "$(BUILT_PRODUCTS_DIR)/Bookmark App.app/Bookmark App";
			};
			name = Debug;
		};
		190C07B9276DA7F0000E820D /* Release */ = {
			isa = XCBuildConfiguration;
			buildSettings = {
				ALWAYS_EMBED_SWIFT_STANDARD_LIBRARIES = YES;
				BUNDLE_LOADER = "$(TEST_HOST)";
				CODE_SIGN_STYLE = Automatic;
				CURRENT_PROJECT_VERSION = 1;
				DEVELOPMENT_TEAM = Z7F2HM5PGN;
				GENERATE_INFOPLIST_FILE = YES;
				IPHONEOS_DEPLOYMENT_TARGET = 15.0;
				LD_RUNPATH_SEARCH_PATHS = (
					"$(inherited)",
					"@executable_path/Frameworks",
					"@loader_path/Frameworks",
				);
				MARKETING_VERSION = 1.0;
				PRODUCT_BUNDLE_IDENTIFIER = "JamesD.Bookmark-AppTests";
				PRODUCT_NAME = "$(TARGET_NAME)";
				SWIFT_EMIT_LOC_STRINGS = NO;
				SWIFT_VERSION = 5.0;
				TARGETED_DEVICE_FAMILY = "1,2";
				TEST_HOST = "$(BUILT_PRODUCTS_DIR)/Bookmark App.app/Bookmark App";
			};
			name = Release;
		};
		190C07BB276DA7F0000E820D /* Debug */ = {
			isa = XCBuildConfiguration;
			buildSettings = {
				ALWAYS_EMBED_SWIFT_STANDARD_LIBRARIES = YES;
				CODE_SIGN_STYLE = Automatic;
				CURRENT_PROJECT_VERSION = 1;
				DEVELOPMENT_TEAM = Z7F2HM5PGN;
				GENERATE_INFOPLIST_FILE = YES;
				LD_RUNPATH_SEARCH_PATHS = (
					"$(inherited)",
					"@executable_path/Frameworks",
					"@loader_path/Frameworks",
				);
				MARKETING_VERSION = 1.0;
				PRODUCT_BUNDLE_IDENTIFIER = "JamesD.Bookmark-AppUITests";
				PRODUCT_NAME = "$(TARGET_NAME)";
				SWIFT_EMIT_LOC_STRINGS = NO;
				SWIFT_VERSION = 5.0;
				TARGETED_DEVICE_FAMILY = "1,2";
				TEST_TARGET_NAME = "Bookmark App";
			};
			name = Debug;
		};
		190C07BC276DA7F0000E820D /* Release */ = {
			isa = XCBuildConfiguration;
			buildSettings = {
				ALWAYS_EMBED_SWIFT_STANDARD_LIBRARIES = YES;
				CODE_SIGN_STYLE = Automatic;
				CURRENT_PROJECT_VERSION = 1;
				DEVELOPMENT_TEAM = Z7F2HM5PGN;
				GENERATE_INFOPLIST_FILE = YES;
				LD_RUNPATH_SEARCH_PATHS = (
					"$(inherited)",
					"@executable_path/Frameworks",
					"@loader_path/Frameworks",
				);
				MARKETING_VERSION = 1.0;
				PRODUCT_BUNDLE_IDENTIFIER = "JamesD.Bookmark-AppUITests";
				PRODUCT_NAME = "$(TARGET_NAME)";
				SWIFT_EMIT_LOC_STRINGS = NO;
				SWIFT_VERSION = 5.0;
				TARGETED_DEVICE_FAMILY = "1,2";
				TEST_TARGET_NAME = "Bookmark App";
			};
			name = Release;
		};
/* End XCBuildConfiguration section */

/* Begin XCConfigurationList section */
		190C0786276DA7ED000E820D /* Build configuration list for PBXProject "Bookmark App" */ = {
			isa = XCConfigurationList;
			buildConfigurations = (
				190C07B2276DA7F0000E820D /* Debug */,
				190C07B3276DA7F0000E820D /* Release */,
			);
			defaultConfigurationIsVisible = 0;
			defaultConfigurationName = Release;
		};
		190C07B4276DA7F0000E820D /* Build configuration list for PBXNativeTarget "Bookmark App" */ = {
			isa = XCConfigurationList;
			buildConfigurations = (
				190C07B5276DA7F0000E820D /* Debug */,
				190C07B6276DA7F0000E820D /* Release */,
			);
			defaultConfigurationIsVisible = 0;
			defaultConfigurationName = Release;
		};
		190C07B7276DA7F0000E820D /* Build configuration list for PBXNativeTarget "Bookmark AppTests" */ = {
			isa = XCConfigurationList;
			buildConfigurations = (
				190C07B8276DA7F0000E820D /* Debug */,
				190C07B9276DA7F0000E820D /* Release */,
			);
			defaultConfigurationIsVisible = 0;
			defaultConfigurationName = Release;
		};
		190C07BA276DA7F0000E820D /* Build configuration list for PBXNativeTarget "Bookmark AppUITests" */ = {
			isa = XCConfigurationList;
			buildConfigurations = (
				190C07BB276DA7F0000E820D /* Debug */,
				190C07BC276DA7F0000E820D /* Release */,
			);
			defaultConfigurationIsVisible = 0;
			defaultConfigurationName = Release;
		};
/* End XCConfigurationList section */

/* Begin XCRemoteSwiftPackageReference section */
		1938C29E2845260C00683BA1 /* XCRemoteSwiftPackageReference "firebase-ios-sdk" */ = {
			isa = XCRemoteSwiftPackageReference;
			repositoryURL = "https://github.com/firebase/firebase-ios-sdk.git";
			requirement = {
				kind = upToNextMajorVersion;
				minimumVersion = 9.0.0;
			};
		};
		7C5D97592840048A002AB88D /* XCRemoteSwiftPackageReference "AlertToast" */ = {
			isa = XCRemoteSwiftPackageReference;
			repositoryURL = "https://github.com/elai950/AlertToast.git";
			requirement = {
				kind = upToNextMajorVersion;
				minimumVersion = 1.0.0;
			};
		};
/* End XCRemoteSwiftPackageReference section */

/* Begin XCSwiftPackageProductDependency section */
		7C5D975A2840048A002AB88D /* AlertToast */ = {
			isa = XCSwiftPackageProductDependency;
			package = 7C5D97592840048A002AB88D /* XCRemoteSwiftPackageReference "AlertToast" */;
			productName = AlertToast;
		};
/* End XCSwiftPackageProductDependency section */

/* Begin XCVersionGroup section */
		190C0799276DA7F0000E820D /* Bookmark.xcdatamodeld */ = {
			isa = XCVersionGroup;
			children = (
				190C079A276DA7F0000E820D /* Bookmark_App.xcdatamodel */,
			);
			currentVersion = 190C079A276DA7F0000E820D /* Bookmark_App.xcdatamodel */;
			path = Bookmark.xcdatamodeld;
			sourceTree = "<group>";
			versionGroupType = wrapper.xcdatamodel;
		};
/* End XCVersionGroup section */
	};
	rootObject = 190C0783276DA7ED000E820D /* Project object */;
}
